// !$*UTF8*$!
{
	archiveVersion = 1;
	classes = {
	};
	objectVersion = 46;
	objects = {

/* Begin PBXBuildFile section */
		E734A7D11785C88900BF724E /* Cocoa.framework in Frameworks */ = {isa = PBXBuildFile; fileRef = E734A7D01785C88900BF724E /* Cocoa.framework */; };
		E734A7DB1785C88900BF724E /* InfoPlist.strings in Resources */ = {isa = PBXBuildFile; fileRef = E734A7D91785C88900BF724E /* InfoPlist.strings */; };
		E734A7DD1785C88900BF724E /* main.m in Sources */ = {isa = PBXBuildFile; fileRef = E734A7DC1785C88900BF724E /* main.m */; };
		E734A7E11785C88900BF724E /* Credits.rtf in Resources */ = {isa = PBXBuildFile; fileRef = E734A7DF1785C88900BF724E /* Credits.rtf */; };
		E734A7E41785C88900BF724E /* FCAppDelegate.m in Sources */ = {isa = PBXBuildFile; fileRef = E734A7E31785C88900BF724E /* FCAppDelegate.m */; };
		E734A7E71785C88900BF724E /* MainMenu.xib in Resources */ = {isa = PBXBuildFile; fileRef = E734A7E51785C88900BF724E /* MainMenu.xib */; };
		E734A7E91785C88900BF724E /* Images.xcassets in Resources */ = {isa = PBXBuildFile; fileRef = E734A7E81785C88900BF724E /* Images.xcassets */; };
		E734A7F01785C88900BF724E /* XCTest.framework in Frameworks */ = {isa = PBXBuildFile; fileRef = E734A7EF1785C88900BF724E /* XCTest.framework */; };
		E734A7F11785C88900BF724E /* Cocoa.framework in Frameworks */ = {isa = PBXBuildFile; fileRef = E734A7D01785C88900BF724E /* Cocoa.framework */; };
		E734A7F91785C88900BF724E /* InfoPlist.strings in Resources */ = {isa = PBXBuildFile; fileRef = E734A7F71785C88900BF724E /* InfoPlist.strings */; };
		E734A7FB1785C88900BF724E /* ObjectMapperTests.m in Sources */ = {isa = PBXBuildFile; fileRef = E734A7FA1785C88900BF724E /* ObjectMapperTests.m */; };
		E75AE18FE399401C9C805044 /* libPods.a in Frameworks */ = {isa = PBXBuildFile; fileRef = C55637E2EBAB4F8BBCA41AC1 /* libPods.a */; };
		E78FF55F1790B521005F18AE /* OMTestModel.m in Sources */ = {isa = PBXBuildFile; fileRef = E78FF55E1790B521005F18AE /* OMTestModel.m */; };
/* End PBXBuildFile section */

/* Begin PBXContainerItemProxy section */
		E734A7F21785C88900BF724E /* PBXContainerItemProxy */ = {
			isa = PBXContainerItemProxy;
			containerPortal = E734A7C51785C88900BF724E /* Project object */;
			proxyType = 1;
			remoteGlobalIDString = E734A7CC1785C88900BF724E;
			remoteInfo = ObjectMapper;
		};
/* End PBXContainerItemProxy section */

/* Begin PBXFileReference section */
		C55637E2EBAB4F8BBCA41AC1 /* libPods.a */ = {isa = PBXFileReference; explicitFileType = archive.ar; includeInIndex = 0; path = libPods.a; sourceTree = BUILT_PRODUCTS_DIR; };
		D1E9185ECA5E4E338C43F34F /* Pods.xcconfig */ = {isa = PBXFileReference; includeInIndex = 1; lastKnownFileType = text.xcconfig; name = Pods.xcconfig; path = Pods/Pods.xcconfig; sourceTree = SOURCE_ROOT; };
		E734A7CD1785C88900BF724E /* ObjectMapper.app */ = {isa = PBXFileReference; explicitFileType = wrapper.application; includeInIndex = 0; path = ObjectMapper.app; sourceTree = BUILT_PRODUCTS_DIR; };
		E734A7D01785C88900BF724E /* Cocoa.framework */ = {isa = PBXFileReference; lastKnownFileType = wrapper.framework; name = Cocoa.framework; path = System/Library/Frameworks/Cocoa.framework; sourceTree = SDKROOT; };
		E734A7D31785C88900BF724E /* AppKit.framework */ = {isa = PBXFileReference; lastKnownFileType = wrapper.framework; name = AppKit.framework; path = System/Library/Frameworks/AppKit.framework; sourceTree = SDKROOT; };
		E734A7D41785C88900BF724E /* CoreData.framework */ = {isa = PBXFileReference; lastKnownFileType = wrapper.framework; name = CoreData.framework; path = System/Library/Frameworks/CoreData.framework; sourceTree = SDKROOT; };
		E734A7D51785C88900BF724E /* Foundation.framework */ = {isa = PBXFileReference; lastKnownFileType = wrapper.framework; name = Foundation.framework; path = System/Library/Frameworks/Foundation.framework; sourceTree = SDKROOT; };
		E734A7D81785C88900BF724E /* ObjectMapper-Info.plist */ = {isa = PBXFileReference; lastKnownFileType = text.plist.xml; path = "ObjectMapper-Info.plist"; sourceTree = "<group>"; };
		E734A7DA1785C88900BF724E /* en */ = {isa = PBXFileReference; lastKnownFileType = text.plist.strings; name = en; path = en.lproj/InfoPlist.strings; sourceTree = "<group>"; };
		E734A7DC1785C88900BF724E /* main.m */ = {isa = PBXFileReference; lastKnownFileType = sourcecode.c.objc; path = main.m; sourceTree = "<group>"; };
		E734A7DE1785C88900BF724E /* ObjectMapper-Prefix.pch */ = {isa = PBXFileReference; lastKnownFileType = sourcecode.c.h; path = "ObjectMapper-Prefix.pch"; sourceTree = "<group>"; };
		E734A7E01785C88900BF724E /* en */ = {isa = PBXFileReference; lastKnownFileType = text.rtf; name = en; path = en.lproj/Credits.rtf; sourceTree = "<group>"; };
		E734A7E21785C88900BF724E /* FCAppDelegate.h */ = {isa = PBXFileReference; lastKnownFileType = sourcecode.c.h; path = FCAppDelegate.h; sourceTree = "<group>"; };
		E734A7E31785C88900BF724E /* FCAppDelegate.m */ = {isa = PBXFileReference; lastKnownFileType = sourcecode.c.objc; path = FCAppDelegate.m; sourceTree = "<group>"; };
		E734A7E61785C88900BF724E /* Base */ = {isa = PBXFileReference; lastKnownFileType = file.xib; name = Base; path = Base.lproj/MainMenu.xib; sourceTree = "<group>"; };
		E734A7E81785C88900BF724E /* Images.xcassets */ = {isa = PBXFileReference; lastKnownFileType = folder.assetcatalog; path = Images.xcassets; sourceTree = "<group>"; };
		E734A7EE1785C88900BF724E /* ObjectMapperTests.xctest */ = {isa = PBXFileReference; explicitFileType = folder; includeInIndex = 0; path = ObjectMapperTests.xctest; sourceTree = BUILT_PRODUCTS_DIR; };
		E734A7EF1785C88900BF724E /* XCTest.framework */ = {isa = PBXFileReference; lastKnownFileType = wrapper.framework; name = XCTest.framework; path = Library/Frameworks/XCTest.framework; sourceTree = DEVELOPER_DIR; };
		E734A7F61785C88900BF724E /* ObjectMapperTests-Info.plist */ = {isa = PBXFileReference; lastKnownFileType = text.plist.xml; path = "ObjectMapperTests-Info.plist"; sourceTree = "<group>"; };
		E734A7F81785C88900BF724E /* en */ = {isa = PBXFileReference; lastKnownFileType = text.plist.strings; name = en; path = en.lproj/InfoPlist.strings; sourceTree = "<group>"; };
		E734A7FA1785C88900BF724E /* ObjectMapperTests.m */ = {isa = PBXFileReference; lastKnownFileType = sourcecode.c.objc; path = ObjectMapperTests.m; sourceTree = "<group>"; };
		E78FF55D1790B521005F18AE /* OMTestModel.h */ = {isa = PBXFileReference; fileEncoding = 4; lastKnownFileType = sourcecode.c.h; path = OMTestModel.h; sourceTree = "<group>"; };
		E78FF55E1790B521005F18AE /* OMTestModel.m */ = {isa = PBXFileReference; fileEncoding = 4; lastKnownFileType = sourcecode.c.objc; path = OMTestModel.m; sourceTree = "<group>"; };
/* End PBXFileReference section */

/* Begin PBXFrameworksBuildPhase section */
		E734A7CA1785C88900BF724E /* Frameworks */ = {
			isa = PBXFrameworksBuildPhase;
			buildActionMask = 2147483647;
			files = (
				E734A7D11785C88900BF724E /* Cocoa.framework in Frameworks */,
				E75AE18FE399401C9C805044 /* libPods.a in Frameworks */,
			);
			runOnlyForDeploymentPostprocessing = 0;
		};
		E734A7EB1785C88900BF724E /* Frameworks */ = {
			isa = PBXFrameworksBuildPhase;
			buildActionMask = 2147483647;
			files = (
				E734A7F11785C88900BF724E /* Cocoa.framework in Frameworks */,
				E734A7F01785C88900BF724E /* XCTest.framework in Frameworks */,
			);
			runOnlyForDeploymentPostprocessing = 0;
		};
/* End PBXFrameworksBuildPhase section */

/* Begin PBXGroup section */
		E734A7C41785C88900BF724E = {
			isa = PBXGroup;
			children = (
				E734A7D61785C88900BF724E /* ObjectMapper */,
				E734A7F41785C88900BF724E /* ObjectMapperTests */,
				E734A7CF1785C88900BF724E /* Frameworks */,
				E734A7CE1785C88900BF724E /* Products */,
				D1E9185ECA5E4E338C43F34F /* Pods.xcconfig */,
			);
			sourceTree = "<group>";
		};
		E734A7CE1785C88900BF724E /* Products */ = {
			isa = PBXGroup;
			children = (
				E734A7CD1785C88900BF724E /* ObjectMapper.app */,
				E734A7EE1785C88900BF724E /* ObjectMapperTests.xctest */,
			);
			name = Products;
			sourceTree = "<group>";
		};
		E734A7CF1785C88900BF724E /* Frameworks */ = {
			isa = PBXGroup;
			children = (
				E734A7D01785C88900BF724E /* Cocoa.framework */,
				E734A7EF1785C88900BF724E /* XCTest.framework */,
				E734A7D21785C88900BF724E /* Other Frameworks */,
				C55637E2EBAB4F8BBCA41AC1 /* libPods.a */,
			);
			name = Frameworks;
			sourceTree = "<group>";
		};
		E734A7D21785C88900BF724E /* Other Frameworks */ = {
			isa = PBXGroup;
			children = (
				E734A7D31785C88900BF724E /* AppKit.framework */,
				E734A7D41785C88900BF724E /* CoreData.framework */,
				E734A7D51785C88900BF724E /* Foundation.framework */,
			);
			name = "Other Frameworks";
			sourceTree = "<group>";
		};
		E734A7D61785C88900BF724E /* ObjectMapper */ = {
			isa = PBXGroup;
			children = (
				E734A7E21785C88900BF724E /* FCAppDelegate.h */,
				E734A7E31785C88900BF724E /* FCAppDelegate.m */,
				E78FF55D1790B521005F18AE /* OMTestModel.h */,
				E78FF55E1790B521005F18AE /* OMTestModel.m */,
				E734A7E51785C88900BF724E /* MainMenu.xib */,
				E734A7E81785C88900BF724E /* Images.xcassets */,
				E734A7D71785C88900BF724E /* Supporting Files */,
			);
			path = ObjectMapper;
			sourceTree = "<group>";
		};
		E734A7D71785C88900BF724E /* Supporting Files */ = {
			isa = PBXGroup;
			children = (
				E734A7D81785C88900BF724E /* ObjectMapper-Info.plist */,
				E734A7D91785C88900BF724E /* InfoPlist.strings */,
				E734A7DC1785C88900BF724E /* main.m */,
				E734A7DE1785C88900BF724E /* ObjectMapper-Prefix.pch */,
				E734A7DF1785C88900BF724E /* Credits.rtf */,
			);
			name = "Supporting Files";
			sourceTree = "<group>";
		};
		E734A7F41785C88900BF724E /* ObjectMapperTests */ = {
			isa = PBXGroup;
			children = (
				E734A7FA1785C88900BF724E /* ObjectMapperTests.m */,
				E734A7F51785C88900BF724E /* Supporting Files */,
			);
			path = ObjectMapperTests;
			sourceTree = "<group>";
		};
		E734A7F51785C88900BF724E /* Supporting Files */ = {
			isa = PBXGroup;
			children = (
				E734A7F61785C88900BF724E /* ObjectMapperTests-Info.plist */,
				E734A7F71785C88900BF724E /* InfoPlist.strings */,
			);
			name = "Supporting Files";
			sourceTree = "<group>";
		};
/* End PBXGroup section */

/* Begin PBXNativeTarget section */
		E734A7CC1785C88900BF724E /* ObjectMapper */ = {
			isa = PBXNativeTarget;
			buildConfigurationList = E734A7FE1785C88900BF724E /* Build configuration list for PBXNativeTarget "ObjectMapper" */;
			buildPhases = (
				8A86749CEB06419C9DB5EAF3 /* Check Pods Manifest.lock */,
				E734A7C91785C88900BF724E /* Sources */,
				E734A7CA1785C88900BF724E /* Frameworks */,
				E734A7CB1785C88900BF724E /* Resources */,
				7D122CD964974270BEDF0D7D /* Copy Pods Resources */,
			);
			buildRules = (
			);
			dependencies = (
			);
			name = ObjectMapper;
			productName = ObjectMapper;
			productReference = E734A7CD1785C88900BF724E /* ObjectMapper.app */;
			productType = "com.apple.product-type.application";
		};
		E734A7ED1785C88900BF724E /* ObjectMapperTests */ = {
			isa = PBXNativeTarget;
			buildConfigurationList = E734A8011785C88900BF724E /* Build configuration list for PBXNativeTarget "ObjectMapperTests" */;
			buildPhases = (
				E734A7EA1785C88900BF724E /* Sources */,
				E734A7EB1785C88900BF724E /* Frameworks */,
				E734A7EC1785C88900BF724E /* Resources */,
			);
			buildRules = (
			);
			dependencies = (
				E734A7F31785C88900BF724E /* PBXTargetDependency */,
			);
			name = ObjectMapperTests;
			productName = ObjectMapperTests;
			productReference = E734A7EE1785C88900BF724E /* ObjectMapperTests.xctest */;
			productType = "com.apple.product-type.bundle.unit-test";
		};
/* End PBXNativeTarget section */

/* Begin PBXProject section */
		E734A7C51785C88900BF724E /* Project object */ = {
			isa = PBXProject;
			attributes = {
				CLASSPREFIX = OM;
				LastUpgradeCheck = 0500;
				ORGANIZATIONNAME = "Fabian Canas";
				TargetAttributes = {
					E734A7ED1785C88900BF724E = {
						TestTargetID = E734A7CC1785C88900BF724E;
					};
				};
			};
			buildConfigurationList = E734A7C81785C88900BF724E /* Build configuration list for PBXProject "ObjectMapper" */;
			compatibilityVersion = "Xcode 3.2";
			developmentRegion = English;
			hasScannedForEncodings = 0;
			knownRegions = (
				en,
				Base,
			);
			mainGroup = E734A7C41785C88900BF724E;
			productRefGroup = E734A7CE1785C88900BF724E /* Products */;
			projectDirPath = "";
			projectRoot = "";
			targets = (
				E734A7CC1785C88900BF724E /* ObjectMapper */,
				E734A7ED1785C88900BF724E /* ObjectMapperTests */,
			);
		};
/* End PBXProject section */

/* Begin PBXResourcesBuildPhase section */
		E734A7CB1785C88900BF724E /* Resources */ = {
			isa = PBXResourcesBuildPhase;
			buildActionMask = 2147483647;
			files = (
				E734A7DB1785C88900BF724E /* InfoPlist.strings in Resources */,
				E734A7E91785C88900BF724E /* Images.xcassets in Resources */,
				E734A7E11785C88900BF724E /* Credits.rtf in Resources */,
				E734A7E71785C88900BF724E /* MainMenu.xib in Resources */,
			);
			runOnlyForDeploymentPostprocessing = 0;
		};
		E734A7EC1785C88900BF724E /* Resources */ = {
			isa = PBXResourcesBuildPhase;
			buildActionMask = 2147483647;
			files = (
				E734A7F91785C88900BF724E /* InfoPlist.strings in Resources */,
			);
			runOnlyForDeploymentPostprocessing = 0;
		};
/* End PBXResourcesBuildPhase section */

/* Begin PBXShellScriptBuildPhase section */
		7D122CD964974270BEDF0D7D /* Copy Pods Resources */ = {
			isa = PBXShellScriptBuildPhase;
			buildActionMask = 2147483647;
			files = (
			);
			inputPaths = (
			);
			name = "Copy Pods Resources";
			outputPaths = (
			);
			runOnlyForDeploymentPostprocessing = 0;
			shellPath = /bin/sh;
			shellScript = "\"${SRCROOT}/Pods/Pods-resources.sh\"\n";
		};
		8A86749CEB06419C9DB5EAF3 /* Check Pods Manifest.lock */ = {
			isa = PBXShellScriptBuildPhase;
			buildActionMask = 2147483647;
			files = (
			);
			inputPaths = (
			);
			name = "Check Pods Manifest.lock";
			outputPaths = (
			);
			runOnlyForDeploymentPostprocessing = 0;
			shellPath = /bin/sh;
			shellScript = "diff \"${PODS_ROOT}/../Podfile.lock\" \"${PODS_ROOT}/Manifest.lock\" > /dev/null\nif [[ $? != 0 ]] ; then\n    cat << EOM\nerror: The sandbox is not in sync with the Podfile.lock. Run 'pod install' or update your CocoaPods installation.\nEOM\n    exit 1\nfi\n";
		};
/* End PBXShellScriptBuildPhase section */

/* Begin PBXSourcesBuildPhase section */
		E734A7C91785C88900BF724E /* Sources */ = {
			isa = PBXSourcesBuildPhase;
			buildActionMask = 2147483647;
			files = (
				E734A7DD1785C88900BF724E /* main.m in Sources */,
				E734A7E41785C88900BF724E /* FCAppDelegate.m in Sources */,
				E78FF55F1790B521005F18AE /* OMTestModel.m in Sources */,
			);
			runOnlyForDeploymentPostprocessing = 0;
		};
		E734A7EA1785C88900BF724E /* Sources */ = {
			isa = PBXSourcesBuildPhase;
			buildActionMask = 2147483647;
			files = (
				E734A7FB1785C88900BF724E /* ObjectMapperTests.m in Sources */,
			);
			runOnlyForDeploymentPostprocessing = 0;
		};
/* End PBXSourcesBuildPhase section */

/* Begin PBXTargetDependency section */
		E734A7F31785C88900BF724E /* PBXTargetDependency */ = {
			isa = PBXTargetDependency;
			target = E734A7CC1785C88900BF724E /* ObjectMapper */;
			targetProxy = E734A7F21785C88900BF724E /* PBXContainerItemProxy */;
		};
/* End PBXTargetDependency section */

/* Begin PBXVariantGroup section */
		E734A7D91785C88900BF724E /* InfoPlist.strings */ = {
			isa = PBXVariantGroup;
			children = (
				E734A7DA1785C88900BF724E /* en */,
			);
			name = InfoPlist.strings;
			sourceTree = "<group>";
		};
		E734A7DF1785C88900BF724E /* Credits.rtf */ = {
			isa = PBXVariantGroup;
			children = (
				E734A7E01785C88900BF724E /* en */,
			);
			name = Credits.rtf;
			sourceTree = "<group>";
		};
		E734A7E51785C88900BF724E /* MainMenu.xib */ = {
			isa = PBXVariantGroup;
			children = (
				E734A7E61785C88900BF724E /* Base */,
			);
			name = MainMenu.xib;
			sourceTree = "<group>";
		};
		E734A7F71785C88900BF724E /* InfoPlist.strings */ = {
			isa = PBXVariantGroup;
			children = (
				E734A7F81785C88900BF724E /* en */,
			);
			name = InfoPlist.strings;
			sourceTree = "<group>";
		};
/* End PBXVariantGroup section */

/* Begin XCBuildConfiguration section */
		E734A7FC1785C88900BF724E /* Debug */ = {
			isa = XCBuildConfiguration;
			buildSettings = {
				ALWAYS_SEARCH_USER_PATHS = NO;
				CLANG_CXX_LANGUAGE_STANDARD = "gnu++0x";
				CLANG_CXX_LIBRARY = "libc++";
				CLANG_ENABLE_MODULES = YES;
				CLANG_ENABLE_OBJC_ARC = YES;
				CLANG_WARN_BOOL_CONVERSION = YES;
				CLANG_WARN_CONSTANT_CONVERSION = YES;
				CLANG_WARN_DIRECT_OBJC_ISA_USAGE = YES_ERROR;
				CLANG_WARN_EMPTY_BODY = YES;
				CLANG_WARN_ENUM_CONVERSION = YES;
				CLANG_WARN_INT_CONVERSION = YES;
				CLANG_WARN_OBJC_ROOT_CLASS = YES_ERROR;
				CLANG_WARN__DUPLICATE_METHOD_MATCH = YES;
				COPY_PHASE_STRIP = NO;
				GCC_C_LANGUAGE_STANDARD = gnu99;
				GCC_DYNAMIC_NO_PIC = NO;
				GCC_ENABLE_OBJC_EXCEPTIONS = YES;
				GCC_OPTIMIZATION_LEVEL = 0;
				GCC_PREPROCESSOR_DEFINITIONS = (
					"DEBUG=1",
					"$(inherited)",
				);
				GCC_SYMBOLS_PRIVATE_EXTERN = NO;
				GCC_WARN_64_TO_32_BIT_CONVERSION = YES;
				GCC_WARN_ABOUT_RETURN_TYPE = YES_ERROR;
				GCC_WARN_UNDECLARED_SELECTOR = YES;
				GCC_WARN_UNINITIALIZED_AUTOS = YES;
				GCC_WARN_UNUSED_FUNCTION = YES;
				GCC_WARN_UNUSED_VARIABLE = YES;
				MACOSX_DEPLOYMENT_TARGET = 10.9;
				ONLY_ACTIVE_ARCH = YES;
				SDKROOT = macosx;
			};
			name = Debug;
		};
		E734A7FD1785C88900BF724E /* Release */ = {
			isa = XCBuildConfiguration;
			buildSettings = {
				ALWAYS_SEARCH_USER_PATHS = NO;
				CLANG_CXX_LANGUAGE_STANDARD = "gnu++0x";
				CLANG_CXX_LIBRARY = "libc++";
				CLANG_ENABLE_MODULES = YES;
				CLANG_ENABLE_OBJC_ARC = YES;
				CLANG_WARN_BOOL_CONVERSION = YES;
				CLANG_WARN_CONSTANT_CONVERSION = YES;
				CLANG_WARN_DIRECT_OBJC_ISA_USAGE = YES_ERROR;
				CLANG_WARN_EMPTY_BODY = YES;
				CLANG_WARN_ENUM_CONVERSION = YES;
				CLANG_WARN_INT_CONVERSION = YES;
				CLANG_WARN_OBJC_ROOT_CLASS = YES_ERROR;
				CLANG_WARN__DUPLICATE_METHOD_MATCH = YES;
				COPY_PHASE_STRIP = YES;
				DEBUG_INFORMATION_FORMAT = "dwarf-with-dsym";
				ENABLE_NS_ASSERTIONS = NO;
				GCC_C_LANGUAGE_STANDARD = gnu99;
				GCC_ENABLE_OBJC_EXCEPTIONS = YES;
				GCC_WARN_64_TO_32_BIT_CONVERSION = YES;
				GCC_WARN_ABOUT_RETURN_TYPE = YES_ERROR;
				GCC_WARN_UNDECLARED_SELECTOR = YES;
				GCC_WARN_UNINITIALIZED_AUTOS = YES;
				GCC_WARN_UNUSED_FUNCTION = YES;
				GCC_WARN_UNUSED_VARIABLE = YES;
				MACOSX_DEPLOYMENT_TARGET = 10.9;
				SDKROOT = macosx;
			};
			name = Release;
		};
		E734A7FF1785C88900BF724E /* Debug */ = {
			isa = XCBuildConfiguration;
			baseConfigurationReference = D1E9185ECA5E4E338C43F34F /* Pods.xcconfig */;
			buildSettings = {
				ASSETCATALOG_COMPILER_APPICON_NAME = AppIcon;
				COMBINE_HIDPI_IMAGES = YES;
				GCC_PRECOMPILE_PREFIX_HEADER = YES;
				GCC_PREFIX_HEADER = "ObjectMapper/ObjectMapper-Prefix.pch";
				INFOPLIST_FILE = "ObjectMapper/ObjectMapper-Info.plist";
				PRODUCT_NAME = "$(TARGET_NAME)";
				WRAPPER_EXTENSION = app;
			};
			name = Debug;
		};
		E734A8001785C88900BF724E /* Release */ = {
			isa = XCBuildConfiguration;
			baseConfigurationReference = D1E9185ECA5E4E338C43F34F /* Pods.xcconfig */;
			buildSettings = {
				ASSETCATALOG_COMPILER_APPICON_NAME = AppIcon;
				COMBINE_HIDPI_IMAGES = YES;
				GCC_PRECOMPILE_PREFIX_HEADER = YES;
				GCC_PREFIX_HEADER = "ObjectMapper/ObjectMapper-Prefix.pch";
				INFOPLIST_FILE = "ObjectMapper/ObjectMapper-Info.plist";
				PRODUCT_NAME = "$(TARGET_NAME)";
				WRAPPER_EXTENSION = app;
			};
			name = Release;
		};
		E734A8021785C88900BF724E /* Debug */ = {
			isa = XCBuildConfiguration;
			buildSettings = {
				BUNDLE_LOADER = "$(BUILT_PRODUCTS_DIR)/ObjectMapper.app/Contents/MacOS/ObjectMapper";
				COMBINE_HIDPI_IMAGES = YES;
				FRAMEWORK_SEARCH_PATHS = (
					"$(DEVELOPER_FRAMEWORKS_DIR)",
					"$(inherited)",
				);
				GCC_PRECOMPILE_PREFIX_HEADER = YES;
				GCC_PREFIX_HEADER = "ObjectMapper/ObjectMapper-Prefix.pch";
				GCC_PREPROCESSOR_DEFINITIONS = (
					"DEBUG=1",
					"$(inherited)",
				);
				INFOPLIST_FILE = "ObjectMapperTests/ObjectMapperTests-Info.plist";
				PRODUCT_NAME = "$(TARGET_NAME)";
				TEST_HOST = "$(BUNDLE_LOADER)";
				WRAPPER_EXTENSION = xctest;
			};
			name = Debug;
		};
		E734A8031785C88900BF724E /* Release */ = {
			isa = XCBuildConfiguration;
			buildSettings = {
				BUNDLE_LOADER = "$(BUILT_PRODUCTS_DIR)/ObjectMapper.app/Contents/MacOS/ObjectMapper";
				COMBINE_HIDPI_IMAGES = YES;
				FRAMEWORK_SEARCH_PATHS = (
					"$(DEVELOPER_FRAMEWORKS_DIR)",
					"$(inherited)",
				);
				GCC_PRECOMPILE_PREFIX_HEADER = YES;
				GCC_PREFIX_HEADER = "ObjectMapper/ObjectMapper-Prefix.pch";
				INFOPLIST_FILE = "ObjectMapperTests/ObjectMapperTests-Info.plist";
				PRODUCT_NAME = "$(TARGET_NAME)";
				TEST_HOST = "$(BUNDLE_LOADER)";
				WRAPPER_EXTENSION = xctest;
			};
			name = Release;
		};
/* End XCBuildConfiguration section */

/* Begin XCConfigurationList section */
		E734A7C81785C88900BF724E /* Build configuration list for PBXProject "ObjectMapper" */ = {
			isa = XCConfigurationList;
			buildConfigurations = (
				E734A7FC1785C88900BF724E /* Debug */,
				E734A7FD1785C88900BF724E /* Release */,
			);
			defaultConfigurationIsVisible = 0;
			defaultConfigurationName = Release;
		};
		E734A7FE1785C88900BF724E /* Build configuration list for PBXNativeTarget "ObjectMapper" */ = {
			isa = XCConfigurationList;
			buildConfigurations = (
				E734A7FF1785C88900BF724E /* Debug */,
				E734A8001785C88900BF724E /* Release */,
			);
			defaultConfigurationIsVisible = 0;
			defaultConfigurationName = Release;
		};
		E734A8011785C88900BF724E /* Build configuration list for PBXNativeTarget "ObjectMapperTests" */ = {
			isa = XCConfigurationList;
			buildConfigurations = (
				E734A8021785C88900BF724E /* Debug */,
				E734A8031785C88900BF724E /* Release */,
			);
			defaultConfigurationIsVisible = 0;
			defaultConfigurationName = Release;
		};
/* End XCConfigurationList section */
	};
	rootObject = E734A7C51785C88900BF724E /* Project object */;
}
